
Microsoft Visual Studio Solution File, Format Version 12.00
# Visual Studio 15
VisualStudioVersion = 15.0.27130.2003
MinimumVisualStudioVersion = 10.0.40219.1
Project("{FAE04EC0-301F-11D3-BF4B-00C04F79EFBC}") = "BlogSystem", "BlogSystem\BlogSystem.csproj", "{79D58004-E94D-4540-8DC9-1AA40871978F}"
EndProject
Project("{FAE04EC0-301F-11D3-BF4B-00C04F79EFBC}") = "BlogSystem.Data", "BlogSystem.Data\BlogSystem.Data.csproj", "{3534F9FE-53B0-462B-BAA8-13013F89D601}"
EndProject
Project("{FAE04EC0-301F-11D3-BF4B-00C04F79EFBC}") = "BlogSystem.Models", "BlogSystem.Models\BlogSystem.Models.csproj", "{655E6DD3-D081-446A-AD26-D8C48292EA50}"
EndProject
Project("{FAE04EC0-301F-11D3-BF4B-00C04F79EFBC}") = "BlogSystem.Common", "BlogSystem.Common\BlogSystem.Common.csproj", "{F6964C86-2FB4-4E93-AFF2-8F37E9930FCB}"
EndProject
Global
	GlobalSection(SolutionConfigurationPlatforms) = preSolution
		Debug|Any CPU = Debug|Any CPU
		Release|Any CPU = Release|Any CPU
	EndGlobalSection
	GlobalSection(ProjectConfigurationPlatforms) = postSolution
		{79D58004-E94D-4540-8DC9-1AA40871978F}.Debug|Any CPU.ActiveCfg = Debug|Any CPU
		{79D58004-E94D-4540-8DC9-1AA40871978F}.Debug|Any CPU.Build.0 = Debug|Any CPU
		{79D58004-E94D-4540-8DC9-1AA40871978F}.Release|Any CPU.ActiveCfg = Release|Any CPU
		{79D58004-E94D-4540-8DC9-1AA40871978F}.Release|Any CPU.Build.0 = Release|Any CPU
		{3534F9FE-53B0-462B-BAA8-13013F89D601}.Debug|Any CPU.ActiveCfg = Debug|Any CPU
		{3534F9FE-53B0-462B-BAA8-13013F89D601}.Debug|Any CPU.Build.0 = Debug|Any CPU
		{3534F9FE-53B0-462B-BAA8-13013F89D601}.Release|Any CPU.ActiveCfg = Release|Any CPU
		{3534F9FE-53B0-462B-BAA8-13013F89D601}.Release|Any CPU.Build.0 = Release|Any CPU
		{655E6DD3-D081-446A-AD26-D8C48292EA50}.Debug|Any CPU.ActiveCfg = Debug|Any CPU
		{655E6DD3-D081-446A-AD26-D8C48292EA50}.Debug|Any CPU.Build.0 = Debug|Any CPU
		{655E6DD3-D081-446A-AD26-D8C48292EA50}.Release|Any CPU.ActiveCfg = Release|Any CPU
		{655E6DD3-D081-446A-AD26-D8C48292EA50}.Release|Any CPU.Build.0 = Release|Any CPU
		{F6964C86-2FB4-4E93-AFF2-8F37E9930FCB}.Debug|Any CPU.ActiveCfg = Debug|Any CPU
		{F6964C86-2FB4-4E93-AFF2-8F37E9930FCB}.Debug|Any CPU.Build.0 = Debug|Any CPU
		{F6964C86-2FB4-4E93-AFF2-8F37E9930FCB}.Release|Any CPU.ActiveCfg = Release|Any CPU
		{F6964C86-2FB4-4E93-AFF2-8F37E9930FCB}.Release|Any CPU.Build.0 = Release|Any CPU
	EndGlobalSection
	GlobalSection(SolutionProperties) = preSolution
		HideSolutionNode = FALSE
	EndGlobalSection
	GlobalSection(ExtensibilityGlobals) = postSolution
		SolutionGuid = {99F2CA04-D6FE-4B4C-9E7C-6E599DC35769}
	EndGlobalSection
EndGlobal
